// !$*UTF8*$!
{
	archiveVersion = 1;
	classes = {
	};
	objectVersion = 46;
	objects = {

/* Begin PBXBuildFile section */
		360239D61AD48E70002E4D4A /* AppDelegate.swift in Sources */ = {isa = PBXBuildFile; fileRef = 360239D51AD48E70002E4D4A /* AppDelegate.swift */; };
		360239DA1AD48E70002E4D4A /* GameScene.swift in Sources */ = {isa = PBXBuildFile; fileRef = 360239D91AD48E70002E4D4A /* GameScene.swift */; };
		360239DC1AD48E70002E4D4A /* GameViewController.swift in Sources */ = {isa = PBXBuildFile; fileRef = 360239DB1AD48E70002E4D4A /* GameViewController.swift */; };
		360239DF1AD48E70002E4D4A /* Main.storyboard in Resources */ = {isa = PBXBuildFile; fileRef = 360239DD1AD48E70002E4D4A /* Main.storyboard */; };
		360239E11AD48E70002E4D4A /* Images.xcassets in Resources */ = {isa = PBXBuildFile; fileRef = 360239E01AD48E70002E4D4A /* Images.xcassets */; };
		360239E41AD48E70002E4D4A /* LaunchScreen.xib in Resources */ = {isa = PBXBuildFile; fileRef = 360239E21AD48E70002E4D4A /* LaunchScreen.xib */; };
		360239F01AD48E70002E4D4A /* swag420Tests.swift in Sources */ = {isa = PBXBuildFile; fileRef = 360239EF1AD48E70002E4D4A /* swag420Tests.swift */; };
/* End PBXBuildFile section */

/* Begin PBXContainerItemProxy section */
		360239EA1AD48E70002E4D4A /* PBXContainerItemProxy */ = {
			isa = PBXContainerItemProxy;
			containerPortal = 360239C81AD48E70002E4D4A /* Project object */;
			proxyType = 1;
			remoteGlobalIDString = 360239CF1AD48E70002E4D4A;
			remoteInfo = swag420;
		};
/* End PBXContainerItemProxy section */

/* Begin PBXFileReference section */
		360239D01AD48E70002E4D4A /* swag420.app */ = {isa = PBXFileReference; explicitFileType = wrapper.application; includeInIndex = 0; path = swag420.app; sourceTree = BUILT_PRODUCTS_DIR; };
		360239D41AD48E70002E4D4A /* Info.plist */ = {isa = PBXFileReference; lastKnownFileType = text.plist.xml; path = Info.plist; sourceTree = "<group>"; };
		360239D51AD48E70002E4D4A /* AppDelegate.swift */ = {isa = PBXFileReference; lastKnownFileType = sourcecode.swift; path = AppDelegate.swift; sourceTree = "<group>"; };
		360239D91AD48E70002E4D4A /* GameScene.swift */ = {isa = PBXFileReference; lastKnownFileType = sourcecode.swift; path = GameScene.swift; sourceTree = "<group>"; };
		360239DB1AD48E70002E4D4A /* GameViewController.swift */ = {isa = PBXFileReference; lastKnownFileType = sourcecode.swift; path = GameViewController.swift; sourceTree = "<group>"; };
		360239DE1AD48E70002E4D4A /* Base */ = {isa = PBXFileReference; lastKnownFileType = file.storyboard; name = Base; path = Base.lproj/Main.storyboard; sourceTree = "<group>"; };
		360239E01AD48E70002E4D4A /* Images.xcassets */ = {isa = PBXFileReference; lastKnownFileType = folder.assetcatalog; path = Images.xcassets; sourceTree = "<group>"; };
		360239E31AD48E70002E4D4A /* Base */ = {isa = PBXFileReference; lastKnownFileType = file.xib; name = Base; path = Base.lproj/LaunchScreen.xib; sourceTree = "<group>"; };
		360239E91AD48E70002E4D4A /* swag420Tests.xctest */ = {isa = PBXFileReference; explicitFileType = wrapper.cfbundle; includeInIndex = 0; path = swag420Tests.xctest; sourceTree = BUILT_PRODUCTS_DIR; };
		360239EE1AD48E70002E4D4A /* Info.plist */ = {isa = PBXFileReference; lastKnownFileType = text.plist.xml; path = Info.plist; sourceTree = "<group>"; };
		360239EF1AD48E70002E4D4A /* swag420Tests.swift */ = {isa = PBXFileReference; lastKnownFileType = sourcecode.swift; path = swag420Tests.swift; sourceTree = "<group>"; };
/* End PBXFileReference section */

/* Begin PBXFrameworksBuildPhase section */
		360239CD1AD48E70002E4D4A /* Frameworks */ = {
			isa = PBXFrameworksBuildPhase;
			buildActionMask = 2147483647;
			files = (
			);
			runOnlyForDeploymentPostprocessing = 0;
		};
		360239E61AD48E70002E4D4A /* Frameworks */ = {
			isa = PBXFrameworksBuildPhase;
			buildActionMask = 2147483647;
			files = (
			);
			runOnlyForDeploymentPostprocessing = 0;
		};
/* End PBXFrameworksBuildPhase section */

/* Begin PBXGroup section */
		360239C71AD48E70002E4D4A = {
			isa = PBXGroup;
			children = (
				360239D21AD48E70002E4D4A /* swag420 */,
				360239EC1AD48E70002E4D4A /* swag420Tests */,
				360239D11AD48E70002E4D4A /* Products */,
			);
			sourceTree = "<group>";
		};
		360239D11AD48E70002E4D4A /* Products */ = {
			isa = PBXGroup;
			children = (
				360239D01AD48E70002E4D4A /* swag420.app */,
				360239E91AD48E70002E4D4A /* swag420Tests.xctest */,
			);
			name = Products;
			sourceTree = "<group>";
		};
		360239D21AD48E70002E4D4A /* swag420 */ = {
			isa = PBXGroup;
			children = (
				360239D51AD48E70002E4D4A /* AppDelegate.swift */,
				360239D91AD48E70002E4D4A /* GameScene.swift */,
				360239DB1AD48E70002E4D4A /* GameViewController.swift */,
				360239DD1AD48E70002E4D4A /* Main.storyboard */,
				360239E01AD48E70002E4D4A /* Images.xcassets */,
				360239E21AD48E70002E4D4A /* LaunchScreen.xib */,
				360239D31AD48E70002E4D4A /* Supporting Files */,
			);
			path = swag420;
			sourceTree = "<group>";
		};
		360239D31AD48E70002E4D4A /* Supporting Files */ = {
			isa = PBXGroup;
			children = (
				360239D41AD48E70002E4D4A /* Info.plist */,
			);
			name = "Supporting Files";
			sourceTree = "<group>";
		};
		360239EC1AD48E70002E4D4A /* swag420Tests */ = {
			isa = PBXGroup;
			children = (
				360239EF1AD48E70002E4D4A /* swag420Tests.swift */,
				360239ED1AD48E70002E4D4A /* Supporting Files */,
			);
			path = swag420Tests;
			sourceTree = "<group>";
		};
		360239ED1AD48E70002E4D4A /* Supporting Files */ = {
			isa = PBXGroup;
			children = (
				360239EE1AD48E70002E4D4A /* Info.plist */,
			);
			name = "Supporting Files";
			sourceTree = "<group>";
		};
/* End PBXGroup section */

/* Begin PBXNativeTarget section */
		360239CF1AD48E70002E4D4A /* swag420 */ = {
			isa = PBXNativeTarget;
			buildConfigurationList = 360239F31AD48E70002E4D4A /* Build configuration list for PBXNativeTarget "swag420" */;
			buildPhases = (
				360239CC1AD48E70002E4D4A /* Sources */,
				360239CD1AD48E70002E4D4A /* Frameworks */,
				360239CE1AD48E70002E4D4A /* Resources */,
			);
			buildRules = (
			);
			dependencies = (
			);
			name = swag420;
			productName = swag420;
			productReference = 360239D01AD48E70002E4D4A /* swag420.app */;
			productType = "com.apple.product-type.application";
		};
		360239E81AD48E70002E4D4A /* swag420Tests */ = {
			isa = PBXNativeTarget;
			buildConfigurationList = 360239F61AD48E70002E4D4A /* Build configuration list for PBXNativeTarget "swag420Tests" */;
			buildPhases = (
				360239E51AD48E70002E4D4A /* Sources */,
				360239E61AD48E70002E4D4A /* Frameworks */,
				360239E71AD48E70002E4D4A /* Resources */,
			);
			buildRules = (
			);
			dependencies = (
				360239EB1AD48E70002E4D4A /* PBXTargetDependency */,
			);
			name = swag420Tests;
			productName = swag420Tests;
			productReference = 360239E91AD48E70002E4D4A /* swag420Tests.xctest */;
			productType = "com.apple.product-type.bundle.unit-test";
		};
/* End PBXNativeTarget section */

/* Begin PBXProject section */
		360239C81AD48E70002E4D4A /* Project object */ = {
			isa = PBXProject;
			attributes = {
				LastUpgradeCheck = 0620;
				ORGANIZATIONNAME = "Fish in Space";
				TargetAttributes = {
					360239CF1AD48E70002E4D4A = {
						CreatedOnToolsVersion = 6.2;
					};
					360239E81AD48E70002E4D4A = {
						CreatedOnToolsVersion = 6.2;
						TestTargetID = 360239CF1AD48E70002E4D4A;
					};
				};
			};
			buildConfigurationList = 360239CB1AD48E70002E4D4A /* Build configuration list for PBXProject "swag420" */;
			compatibilityVersion = "Xcode 3.2";
			developmentRegion = English;
			hasScannedForEncodings = 0;
			knownRegions = (
				en,
				Base,
			);
			mainGroup = 360239C71AD48E70002E4D4A;
			productRefGroup = 360239D11AD48E70002E4D4A /* Products */;
			projectDirPath = "";
			projectRoot = "";
			targets = (
				360239CF1AD48E70002E4D4A /* swag420 */,
				360239E81AD48E70002E4D4A /* swag420Tests */,
			);
		};
/* End PBXProject section */

/* Begin PBXResourcesBuildPhase section */
		360239CE1AD48E70002E4D4A /* Resources */ = {
			isa = PBXResourcesBuildPhase;
			buildActionMask = 2147483647;
			files = (
				360239E41AD48E70002E4D4A /* LaunchScreen.xib in Resources */,
				360239E11AD48E70002E4D4A /* Images.xcassets in Resources */,
				360239DF1AD48E70002E4D4A /* Main.storyboard in Resources */,
			);
			runOnlyForDeploymentPostprocessing = 0;
		};
		360239E71AD48E70002E4D4A /* Resources */ = {
			isa = PBXResourcesBuildPhase;
			buildActionMask = 2147483647;
			files = (
			);
			runOnlyForDeploymentPostprocessing = 0;
		};
/* End PBXResourcesBuildPhase section */

/* Begin PBXSourcesBuildPhase section */
		360239CC1AD48E70002E4D4A /* Sources */ = {
			isa = PBXSourcesBuildPhase;
			buildActionMask = 2147483647;
			files = (
				360239DA1AD48E70002E4D4A /* GameScene.swift in Sources */,
				360239DC1AD48E70002E4D4A /* GameViewController.swift in Sources */,
				360239D61AD48E70002E4D4A /* AppDelegate.swift in Sources */,
			);
			runOnlyForDeploymentPostprocessing = 0;
		};
		360239E51AD48E70002E4D4A /* Sources */ = {
			isa = PBXSourcesBuildPhase;
			buildActionMask = 2147483647;
			files = (
				360239F01AD48E70002E4D4A /* swag420Tests.swift in Sources */,
			);
			runOnlyForDeploymentPostprocessing = 0;
		};
/* End PBXSourcesBuildPhase section */

/* Begin PBXTargetDependency section */
		360239EB1AD48E70002E4D4A /* PBXTargetDependency */ = {
			isa = PBXTargetDependency;
			target = 360239CF1AD48E70002E4D4A /* swag420 */;
			targetProxy = 360239EA1AD48E70002E4D4A /* PBXContainerItemProxy */;
		};
/* End PBXTargetDependency section */

/* Begin PBXVariantGroup section */
		360239DD1AD48E70002E4D4A /* Main.storyboard */ = {
			isa = PBXVariantGroup;
			children = (
				360239DE1AD48E70002E4D4A /* Base */,
			);
			name = Main.storyboard;
			sourceTree = "<group>";
		};
		360239E21AD48E70002E4D4A /* LaunchScreen.xib */ = {
			isa = PBXVariantGroup;
			children = (
				360239E31AD48E70002E4D4A /* Base */,
			);
			name = LaunchScreen.xib;
			sourceTree = "<group>";
		};
/* End PBXVariantGroup section */

/* Begin XCBuildConfiguration section */
		360239F11AD48E70002E4D4A /* Debug */ = {
			isa = XCBuildConfiguration;
			buildSettings = {
				ALWAYS_SEARCH_USER_PATHS = NO;
				CLANG_CXX_LANGUAGE_STANDARD = "gnu++0x";
				CLANG_CXX_LIBRARY = "libc++";
				CLANG_ENABLE_MODULES = YES;
				CLANG_ENABLE_OBJC_ARC = YES;
				CLANG_WARN_BOOL_CONVERSION = YES;
				CLANG_WARN_CONSTANT_CONVERSION = YES;
				CLANG_WARN_DIRECT_OBJC_ISA_USAGE = YES_ERROR;
				CLANG_WARN_EMPTY_BODY = YES;
				CLANG_WARN_ENUM_CONVERSION = YES;
				CLANG_WARN_INT_CONVERSION = YES;
				CLANG_WARN_OBJC_ROOT_CLASS = YES_ERROR;
				CLANG_WARN_UNREACHABLE_CODE = YES;
				CLANG_WARN__DUPLICATE_METHOD_MATCH = YES;
				"CODE_SIGN_IDENTITY[sdk=iphoneos*]" = "iPhone Developer";
				COPY_PHASE_STRIP = NO;
				ENABLE_STRICT_OBJC_MSGSEND = YES;
				GCC_C_LANGUAGE_STANDARD = gnu99;
				GCC_DYNAMIC_NO_PIC = NO;
				GCC_OPTIMIZATION_LEVEL = 0;
				GCC_PREPROCESSOR_DEFINITIONS = (
					"DEBUG=1",
					"$(inherited)",
				);
				GCC_SYMBOLS_PRIVATE_EXTERN = NO;
				GCC_WARN_64_TO_32_BIT_CONVERSION = YES;
				GCC_WARN_ABOUT_RETURN_TYPE = YES_ERROR;
				GCC_WARN_UNDECLARED_SELECTOR = YES;
				GCC_WARN_UNINITIALIZED_AUTOS = YES_AGGRESSIVE;
				GCC_WARN_UNUSED_FUNCTION = YES;
				GCC_WARN_UNUSED_VARIABLE = YES;
				IPHONEOS_DEPLOYMENT_TARGET = 8.2;
				MTL_ENABLE_DEBUG_INFO = YES;
				ONLY_ACTIVE_ARCH = YES;
				SDKROOT = iphoneos;
				SWIFT_OPTIMIZATION_LEVEL = "-Onone";
				TARGETED_DEVICE_FAMILY = "1,2";
			};
			name = Debug;
		};
		360239F21AD48E70002E4D4A /* Release */ = {
			isa = XCBuildConfiguration;
			buildSettings = {
				ALWAYS_SEARCH_USER_PATHS = NO;
				CLANG_CXX_LANGUAGE_STANDARD = "gnu++0x";
				CLANG_CXX_LIBRARY = "libc++";
				CLANG_ENABLE_MODULES = YES;
				CLANG_ENABLE_OBJC_ARC = YES;
				CLANG_WARN_BOOL_CONVERSION = YES;
				CLANG_WARN_CONSTANT_CONVERSION = YES;
				CLANG_WARN_DIRECT_OBJC_ISA_USAGE = YES_ERROR;
				CLANG_WARN_EMPTY_BODY = YES;
				CLANG_WARN_ENUM_CONVERSION = YES;
				CLANG_WARN_INT_CONVERSION = YES;
				CLANG_WARN_OBJC_ROOT_CLASS = YES_ERROR;
				CLANG_WARN_UNREACHABLE_CODE = YES;
				CLANG_WARN__DUPLICATE_METHOD_MATCH = YES;
				"CODE_SIGN_IDENTITY[sdk=iphoneos*]" = "iPhone Developer";
				COPY_PHASE_STRIP = NO;
				ENABLE_NS_ASSERTIONS = NO;
				ENABLE_STRICT_OBJC_MSGSEND = YES;
				GCC_C_LANGUAGE_STANDARD = gnu99;
				GCC_WARN_64_TO_32_BIT_CONVERSION = YES;
				GCC_WARN_ABOUT_RETURN_TYPE = YES_ERROR;
				GCC_WARN_UNDECLARED_SELECTOR = YES;
				GCC_WARN_UNINITIALIZED_AUTOS = YES_AGGRESSIVE;
				GCC_WARN_UNUSED_FUNCTION = YES;
				GCC_WARN_UNUSED_VARIABLE = YES;
				IPHONEOS_DEPLOYMENT_TARGET = 8.2;
				MTL_ENABLE_DEBUG_INFO = NO;
				SDKROOT = iphoneos;
				TARGETED_DEVICE_FAMILY = "1,2";
				VALIDATE_PRODUCT = YES;
			};
			name = Release;
		};
		360239F41AD48E70002E4D4A /* Debug */ = {
			isa = XCBuildConfiguration;
			buildSettings = {
				ASSETCATALOG_COMPILER_APPICON_NAME = AppIcon;
				INFOPLIST_FILE = swag420/Info.plist;
				LD_RUNPATH_SEARCH_PATHS = "$(inherited) @executable_path/Frameworks";
				PRODUCT_NAME = "$(TARGET_NAME)";
			};
			name = Debug;
		};
		360239F51AD48E70002E4D4A /* Release */ = {
			isa = XCBuildConfiguration;
			buildSettings = {
				ASSETCATALOG_COMPILER_APPICON_NAME = AppIcon;
				INFOPLIST_FILE = swag420/Info.plist;
				LD_RUNPATH_SEARCH_PATHS = "$(inherited) @executable_path/Frameworks";
				PRODUCT_NAME = "$(TARGET_NAME)";
			};
			name = Release;
		};
		360239F71AD48E70002E4D4A /* Debug */ = {
			isa = XCBuildConfiguration;
			buildSettings = {
				BUNDLE_LOADER = "$(TEST_HOST)";
				FRAMEWORK_SEARCH_PATHS = (
					"$(SDKROOT)/Developer/Library/Frameworks",
					"$(inherited)",
				);
				GCC_PREPROCESSOR_DEFINITIONS = (
					"DEBUG=1",
					"$(inherited)",
				);
				INFOPLIST_FILE = swag420Tests/Info.plist;
				LD_RUNPATH_SEARCH_PATHS = "$(inherited) @executable_path/Frameworks @loader_path/Frameworks";
				PRODUCT_NAME = "$(TARGET_NAME)";
				TEST_HOST = "$(BUILT_PRODUCTS_DIR)/swag420.app/swag420";
			};
			name = Debug;
		};
		360239F81AD48E70002E4D4A /* Release */ = {
			isa = XCBuildConfiguration;
			buildSettings = {
				BUNDLE_LOADER = "$(TEST_HOST)";
				FRAMEWORK_SEARCH_PATHS = (
					"$(SDKROOT)/Developer/Library/Frameworks",
					"$(inherited)",
				);
				INFOPLIST_FILE = swag420Tests/Info.plist;
				LD_RUNPATH_SEARCH_PATHS = "$(inherited) @executable_path/Frameworks @loader_path/Frameworks";
				PRODUCT_NAME = "$(TARGET_NAME)";
				TEST_HOST = "$(BUILT_PRODUCTS_DIR)/swag420.app/swag420";
			};
			name = Release;
		};
/* End XCBuildConfiguration section */

/* Begin XCConfigurationList section */
		360239CB1AD48E70002E4D4A /* Build configuration list for PBXProject "swag420" */ = {
			isa = XCConfigurationList;
			buildConfigurations = (
				360239F11AD48E70002E4D4A /* Debug */,
				360239F21AD48E70002E4D4A /* Release */,
			);
			defaultConfigurationIsVisible = 0;
			defaultConfigurationName = Release;
		};
		360239F31AD48E70002E4D4A /* Build configuration list for PBXNativeTarget "swag420" */ = {
			isa = XCConfigurationList;
			buildConfigurations = (
				360239F41AD48E70002E4D4A /* Debug */,
				360239F51AD48E70002E4D4A /* Release */,
			);
			defaultConfigurationIsVisible = 0;
		};
		360239F61AD48E70002E4D4A /* Build configuration list for PBXNativeTarget "swag420Tests" */ = {
			isa = XCConfigurationList;
			buildConfigurations = (
				360239F71AD48E70002E4D4A /* Debug */,
				360239F81AD48E70002E4D4A /* Release */,
			);
			defaultConfigurationIsVisible = 0;
		};
/* End XCConfigurationList section */
	};
	rootObject = 360239C81AD48E70002E4D4A /* Project object */;
}
