<?xml version="1.0" encoding="UTF-8"?>
<Scheme
   version = "1.3">
   <BuildAction>
      <BuildActionEntries>
         <BuildActionEntry
            buildForRunning = "YES">
            <BuildableReference
               BuildableIdentifier = "primary"
               BlueprintIdentifier = "27832A75EDEC45C59BD96301"
               BuildableName = "FirstAppCodeGame.app"
               BlueprintName = "FirstAppCodeGame"
               ReferencedContainer = "container:FirstAppCodeGame.xcodeproj">
            </BuildableReference>
         </BuildActionEntry>
      </BuildActionEntries>
   </BuildAction>
   <LaunchAction
      useCustomWorkingDirectory = "NO"
      buildConfiguration = "Debug">
      <BuildableProductRunnable>
         <BuildableReference
            BuildableIdentifier = "primary"
            BlueprintIdentifier = "27832A75EDEC45C59BD96301"
            BuildableName = "FirstAppCodeGame.app"
            BlueprintName = "FirstAppCodeGame"
            ReferencedContainer = "container:FirstAppCodeGame.xcodeproj">
         </BuildableReference>
      </BuildableProductRunnable>
   </LaunchAction>
</Scheme>
